{
  "version": 4,
  "terraform_version": "1.13.1",
  "serial": 27,
  "lineage": "efae0f8f-18f7-69d2-578b-c873f83e4646",
  "outputs": {
    "network_security_groups": {
      "value": {
        "app": "/subscriptions/98f81224-226a-46f0-b9b7-34bded3c97d2/resourceGroups/rg-healthfast/providers/Microsoft.Network/networkSecurityGroups/app",
        "db": "/subscriptions/98f81224-226a-46f0-b9b7-34bded3c97d2/resourceGroups/rg-healthfast/providers/Microsoft.Network/networkSecurityGroups/db",
        "web": "/subscriptions/98f81224-226a-46f0-b9b7-34bded3c97d2/resourceGroups/rg-healthfast/providers/Microsoft.Network/networkSecurityGroups/web"
      },
      "type": [
        "object",
        {
          "app": "string",
          "db": "string",
          "web": "string"
        }
      ]
    },
    "nsg_rules": {
      "value": {
        "app-Allow-AppPorts": "Allow-AppPorts",
        "db-Allow-SQL": "Allow-SQL",
        "web-Allow-HTTP": "Allow-HTTP",
        "web-Allow-HTTPS": "Allow-HTTPS"
      },
      "type": [
        "object",
        {
          "app-Allow-AppPorts": "string",
          "db-Allow-SQL": "string",
          "web-Allow-HTTP": "string",
          "web-Allow-HTTPS": "string"
        }
      ]
    },
    "resource_group_name": {
      "value": "rg-healthfast",
      "type": "string"
    },
    "subnets": {
      "value": {
        "app": "/subscriptions/98f81224-226a-46f0-b9b7-34bded3c97d2/resourceGroups/rg-healthfast/providers/Microsoft.Network/virtualNetworks/vnet-healthfast/subnets/app",
        "db": "/subscriptions/98f81224-226a-46f0-b9b7-34bded3c97d2/resourceGroups/rg-healthfast/providers/Microsoft.Network/virtualNetworks/vnet-healthfast/subnets/db",
        "web": "/subscriptions/98f81224-226a-46f0-b9b7-34bded3c97d2/resourceGroups/rg-healthfast/providers/Microsoft.Network/virtualNetworks/vnet-healthfast/subnets/web"
      },
      "type": [
        "object",
        {
          "app": "string",
          "db": "string",
          "web": "string"
        }
      ]
    },
    "vnet_name": {
      "value": "vnet-healthfast",
      "type": "string"
    }
  },
  "resources": [
    {
      "mode": "managed",
      "type": "azurerm_network_security_group",
      "name": "nsgs",
      "provider": "provider[\"registry.terraform.io/hashicorp/azurerm\"]",
      "instances": [
        {
          "index_key": "app",
          "schema_version": 0,
          "attributes": {
            "id": "/subscriptions/98f81224-226a-46f0-b9b7-34bded3c97d2/resourceGroups/rg-healthfast/providers/Microsoft.Network/networkSecurityGroups/app",
            "location": "eastus",
            "name": "app",
            "resource_group_name": "rg-healthfast",
            "security_rule": [],
            "tags": null,
            "timeouts": null
          },
          "sensitive_attributes": [],
          "identity_schema_version": 0,
          "identity": {
            "name": "app",
            "resource_group_name": "rg-healthfast",
            "subscription_id": "98f81224-226a-46f0-b9b7-34bded3c97d2"
          },
          "private": "eyJlMmJmYjczMC1lY2FhLTExZTYtOGY4OC0zNDM2M2JjN2M0YzAiOnsiY3JlYXRlIjoxODAwMDAwMDAwMDAwLCJkZWxldGUiOjE4MDAwMDAwMDAwMDAsInJlYWQiOjMwMDAwMDAwMDAwMCwidXBkYXRlIjoxODAwMDAwMDAwMDAwfX0=",
          "dependencies": [
            "azurerm_resource_group.health_fast_rg"
          ]
        },
        {
          "index_key": "db",
          "schema_version": 0,
          "attributes": {
            "id": "/subscriptions/98f81224-226a-46f0-b9b7-34bded3c97d2/resourceGroups/rg-healthfast/providers/Microsoft.Network/networkSecurityGroups/db",
            "location": "eastus",
            "name": "db",
            "resource_group_name": "rg-healthfast",
            "security_rule": [],
            "tags": null,
            "timeouts": null
          },
          "sensitive_attributes": [],
          "identity_schema_version": 0,
          "identity": {
            "name": "db",
            "resource_group_name": "rg-healthfast",
            "subscription_id": "98f81224-226a-46f0-b9b7-34bded3c97d2"
          },
          "private": "eyJlMmJmYjczMC1lY2FhLTExZTYtOGY4OC0zNDM2M2JjN2M0YzAiOnsiY3JlYXRlIjoxODAwMDAwMDAwMDAwLCJkZWxldGUiOjE4MDAwMDAwMDAwMDAsInJlYWQiOjMwMDAwMDAwMDAwMCwidXBkYXRlIjoxODAwMDAwMDAwMDAwfX0=",
          "dependencies": [
            "azurerm_resource_group.health_fast_rg"
          ]
        },
        {
          "index_key": "web",
          "schema_version": 0,
          "attributes": {
            "id": "/subscriptions/98f81224-226a-46f0-b9b7-34bded3c97d2/resourceGroups/rg-healthfast/providers/Microsoft.Network/networkSecurityGroups/web",
            "location": "eastus",
            "name": "web",
            "resource_group_name": "rg-healthfast",
            "security_rule": [
              {
                "access": "Allow",
                "description": "",
                "destination_address_prefix": "*",
                "destination_address_prefixes": [],
                "destination_application_security_group_ids": [],
                "destination_port_range": "443",
                "destination_port_ranges": [],
                "direction": "Inbound",
                "name": "Allow-HTTPS",
                "priority": 110,
                "protocol": "Tcp",
                "source_address_prefix": "*",
                "source_address_prefixes": [],
                "source_application_security_group_ids": [],
                "source_port_range": "*",
                "source_port_ranges": []
              },
              {
                "access": "Allow",
                "description": "",
                "destination_address_prefix": "*",
                "destination_address_prefixes": [],
                "destination_application_security_group_ids": [],
                "destination_port_range": "80",
                "destination_port_ranges": [],
                "direction": "Inbound",
                "name": "Allow-HTTP",
                "priority": 100,
                "protocol": "Tcp",
                "source_address_prefix": "*",
                "source_address_prefixes": [],
                "source_application_security_group_ids": [],
                "source_port_range": "*",
                "source_port_ranges": []
              }
            ],
            "tags": null,
            "timeouts": null
          },
          "sensitive_attributes": [],
          "identity_schema_version": 0,
          "identity": {
            "name": "web",
            "resource_group_name": "rg-healthfast",
            "subscription_id": "98f81224-226a-46f0-b9b7-34bded3c97d2"
          },
          "private": "eyJlMmJmYjczMC1lY2FhLTExZTYtOGY4OC0zNDM2M2JjN2M0YzAiOnsiY3JlYXRlIjoxODAwMDAwMDAwMDAwLCJkZWxldGUiOjE4MDAwMDAwMDAwMDAsInJlYWQiOjMwMDAwMDAwMDAwMCwidXBkYXRlIjoxODAwMDAwMDAwMDAwfX0=",
          "dependencies": [
            "azurerm_resource_group.health_fast_rg"
          ]
        }
      ]
    },
    {
      "mode": "managed",
      "type": "azurerm_network_security_rule",
      "name": "rules",
      "provider": "provider[\"registry.terraform.io/hashicorp/azurerm\"]",
      "instances": [
        {
          "index_key": "app-Allow-AppPorts",
          "schema_version": 0,
          "attributes": {
            "access": "Allow",
            "description": "",
            "destination_address_prefix": "*",
            "destination_address_prefixes": null,
            "destination_application_security_group_ids": null,
            "destination_port_range": "",
            "destination_port_ranges": [
              "8080",
              "8443"
            ],
            "direction": "Inbound",
            "id": "/subscriptions/98f81224-226a-46f0-b9b7-34bded3c97d2/resourceGroups/rg-healthfast/providers/Microsoft.Network/networkSecurityGroups/app/securityRules/Allow-AppPorts",
            "name": "Allow-AppPorts",
            "network_security_group_name": "app",
            "priority": 100,
            "protocol": "Tcp",
            "resource_group_name": "rg-healthfast",
            "source_address_prefix": "*",
            "source_address_prefixes": null,
            "source_application_security_group_ids": null,
            "source_port_range": "*",
            "source_port_ranges": null,
            "timeouts": null
          },
          "sensitive_attributes": [],
          "identity_schema_version": 0,
          "identity": {
            "name": "Allow-AppPorts",
            "network_security_group_name": "app",
            "resource_group_name": "rg-healthfast",
            "subscription_id": "98f81224-226a-46f0-b9b7-34bded3c97d2"
          },
          "private": "eyJlMmJmYjczMC1lY2FhLTExZTYtOGY4OC0zNDM2M2JjN2M0YzAiOnsiY3JlYXRlIjoxODAwMDAwMDAwMDAwLCJkZWxldGUiOjE4MDAwMDAwMDAwMDAsInJlYWQiOjMwMDAwMDAwMDAwMCwidXBkYXRlIjoxODAwMDAwMDAwMDAwfX0=",
          "dependencies": [
            "azurerm_resource_group.health_fast_rg"
          ]
        },
        {
          "index_key": "db-Allow-SQL",
          "schema_version": 0,
          "attributes": {
            "access": "Allow",
            "description": "",
            "destination_address_prefix": "*",
            "destination_address_prefixes": null,
            "destination_application_security_group_ids": null,
            "destination_port_range": "1433",
            "destination_port_ranges": null,
            "direction": "Inbound",
            "id": "/subscriptions/98f81224-226a-46f0-b9b7-34bded3c97d2/resourceGroups/rg-healthfast/providers/Microsoft.Network/networkSecurityGroups/db/securityRules/Allow-SQL",
            "name": "Allow-SQL",
            "network_security_group_name": "db",
            "priority": 100,
            "protocol": "Tcp",
            "resource_group_name": "rg-healthfast",
            "source_address_prefix": "*",
            "source_address_prefixes": null,
            "source_application_security_group_ids": null,
            "source_port_range": "*",
            "source_port_ranges": null,
            "timeouts": null
          },
          "sensitive_attributes": [],
          "identity_schema_version": 0,
          "identity": {
            "name": "Allow-SQL",
            "network_security_group_name": "db",
            "resource_group_name": "rg-healthfast",
            "subscription_id": "98f81224-226a-46f0-b9b7-34bded3c97d2"
          },
          "private": "eyJlMmJmYjczMC1lY2FhLTExZTYtOGY4OC0zNDM2M2JjN2M0YzAiOnsiY3JlYXRlIjoxODAwMDAwMDAwMDAwLCJkZWxldGUiOjE4MDAwMDAwMDAwMDAsInJlYWQiOjMwMDAwMDAwMDAwMCwidXBkYXRlIjoxODAwMDAwMDAwMDAwfX0=",
          "dependencies": [
            "azurerm_resource_group.health_fast_rg"
          ]
        },
        {
          "index_key": "web-Allow-HTTP",
          "schema_version": 0,
          "attributes": {
            "access": "Allow",
            "description": "",
            "destination_address_prefix": "*",
            "destination_address_prefixes": null,
            "destination_application_security_group_ids": null,
            "destination_port_range": "80",
            "destination_port_ranges": null,
            "direction": "Inbound",
            "id": "/subscriptions/98f81224-226a-46f0-b9b7-34bded3c97d2/resourceGroups/rg-healthfast/providers/Microsoft.Network/networkSecurityGroups/web/securityRules/Allow-HTTP",
            "name": "Allow-HTTP",
            "network_security_group_name": "web",
            "priority": 100,
            "protocol": "Tcp",
            "resource_group_name": "rg-healthfast",
            "source_address_prefix": "*",
            "source_address_prefixes": null,
            "source_application_security_group_ids": null,
            "source_port_range": "*",
            "source_port_ranges": null,
            "timeouts": null
          },
          "sensitive_attributes": [],
          "identity_schema_version": 0,
          "identity": {
            "name": "Allow-HTTP",
            "network_security_group_name": "web",
            "resource_group_name": "rg-healthfast",
            "subscription_id": "98f81224-226a-46f0-b9b7-34bded3c97d2"
          },
          "private": "eyJlMmJmYjczMC1lY2FhLTExZTYtOGY4OC0zNDM2M2JjN2M0YzAiOnsiY3JlYXRlIjoxODAwMDAwMDAwMDAwLCJkZWxldGUiOjE4MDAwMDAwMDAwMDAsInJlYWQiOjMwMDAwMDAwMDAwMCwidXBkYXRlIjoxODAwMDAwMDAwMDAwfX0=",
          "dependencies": [
            "azurerm_resource_group.health_fast_rg"
          ]
        },
        {
          "index_key": "web-Allow-HTTPS",
          "schema_version": 0,
          "attributes": {
            "access": "Allow",
            "description": "",
            "destination_address_prefix": "*",
            "destination_address_prefixes": null,
            "destination_application_security_group_ids": null,
            "destination_port_range": "443",
            "destination_port_ranges": null,
            "direction": "Inbound",
            "id": "/subscriptions/98f81224-226a-46f0-b9b7-34bded3c97d2/resourceGroups/rg-healthfast/providers/Microsoft.Network/networkSecurityGroups/web/securityRules/Allow-HTTPS",
            "name": "Allow-HTTPS",
            "network_security_group_name": "web",
            "priority": 110,
            "protocol": "Tcp",
            "resource_group_name": "rg-healthfast",
            "source_address_prefix": "*",
            "source_address_prefixes": null,
            "source_application_security_group_ids": null,
            "source_port_range": "*",
            "source_port_ranges": null,
            "timeouts": null
          },
          "sensitive_attributes": [],
          "identity_schema_version": 0,
          "identity": {
            "name": "Allow-HTTPS",
            "network_security_group_name": "web",
            "resource_group_name": "rg-healthfast",
            "subscription_id": "98f81224-226a-46f0-b9b7-34bded3c97d2"
          },
          "private": "eyJlMmJmYjczMC1lY2FhLTExZTYtOGY4OC0zNDM2M2JjN2M0YzAiOnsiY3JlYXRlIjoxODAwMDAwMDAwMDAwLCJkZWxldGUiOjE4MDAwMDAwMDAwMDAsInJlYWQiOjMwMDAwMDAwMDAwMCwidXBkYXRlIjoxODAwMDAwMDAwMDAwfX0=",
          "dependencies": [
            "azurerm_resource_group.health_fast_rg"
          ]
        }
      ]
    },
    {
      "mode": "managed",
      "type": "azurerm_resource_group",
      "name": "health_fast_rg",
      "provider": "provider[\"registry.terraform.io/hashicorp/azurerm\"]",
      "instances": [
        {
          "schema_version": 0,
          "attributes": {
            "id": "/subscriptions/98f81224-226a-46f0-b9b7-34bded3c97d2/resourceGroups/rg-healthfast",
            "location": "eastus",
            "managed_by": "",
            "name": "rg-healthfast",
            "tags": {},
            "timeouts": null
          },
          "sensitive_attributes": [],
          "identity_schema_version": 0,
          "private": "eyJlMmJmYjczMC1lY2FhLTExZTYtOGY4OC0zNDM2M2JjN2M0YzAiOnsiY3JlYXRlIjo1NDAwMDAwMDAwMDAwLCJkZWxldGUiOjU0MDAwMDAwMDAwMDAsInJlYWQiOjMwMDAwMDAwMDAwMCwidXBkYXRlIjo1NDAwMDAwMDAwMDAwfX0="
        }
      ]
    },
    {
      "mode": "managed",
      "type": "azurerm_subnet",
      "name": "subnets",
      "provider": "provider[\"registry.terraform.io/hashicorp/azurerm\"]",
      "instances": [
        {
          "index_key": "app",
          "schema_version": 0,
          "attributes": {
            "address_prefixes": [
              "10.0.2.0/24"
            ],
            "default_outbound_access_enabled": true,
            "delegation": [],
            "id": "/subscriptions/98f81224-226a-46f0-b9b7-34bded3c97d2/resourceGroups/rg-healthfast/providers/Microsoft.Network/virtualNetworks/vnet-healthfast/subnets/app",
            "ip_address_pool": [],
            "name": "app",
            "private_endpoint_network_policies": "Disabled",
            "private_link_service_network_policies_enabled": true,
            "resource_group_name": "rg-healthfast",
            "service_endpoint_policy_ids": null,
            "service_endpoints": null,
            "timeouts": null,
            "virtual_network_name": "vnet-healthfast"
          },
          "sensitive_attributes": [],
          "identity_schema_version": 0,
          "identity": {
            "name": "app",
            "resource_group_name": "rg-healthfast",
            "subscription_id": "98f81224-226a-46f0-b9b7-34bded3c97d2",
            "virtual_network_name": "vnet-healthfast"
          },
          "private": "eyJlMmJmYjczMC1lY2FhLTExZTYtOGY4OC0zNDM2M2JjN2M0YzAiOnsiY3JlYXRlIjoxODAwMDAwMDAwMDAwLCJkZWxldGUiOjE4MDAwMDAwMDAwMDAsInJlYWQiOjMwMDAwMDAwMDAwMCwidXBkYXRlIjoxODAwMDAwMDAwMDAwfX0=",
          "dependencies": [
            "azurerm_resource_group.health_fast_rg",
            "azurerm_virtual_network.health_fast_vnet"
          ]
        },
        {
          "index_key": "db",
          "schema_version": 0,
          "attributes": {
            "address_prefixes": [
              "10.0.3.0/24"
            ],
            "default_outbound_access_enabled": true,
            "delegation": [],
            "id": "/subscriptions/98f81224-226a-46f0-b9b7-34bded3c97d2/resourceGroups/rg-healthfast/providers/Microsoft.Network/virtualNetworks/vnet-healthfast/subnets/db",
            "ip_address_pool": [],
            "name": "db",
            "private_endpoint_network_policies": "Disabled",
            "private_link_service_network_policies_enabled": true,
            "resource_group_name": "rg-healthfast",
            "service_endpoint_policy_ids": null,
            "service_endpoints": null,
            "timeouts": null,
            "virtual_network_name": "vnet-healthfast"
          },
          "sensitive_attributes": [],
          "identity_schema_version": 0,
          "identity": {
            "name": "db",
            "resource_group_name": "rg-healthfast",
            "subscription_id": "98f81224-226a-46f0-b9b7-34bded3c97d2",
            "virtual_network_name": "vnet-healthfast"
          },
          "private": "eyJlMmJmYjczMC1lY2FhLTExZTYtOGY4OC0zNDM2M2JjN2M0YzAiOnsiY3JlYXRlIjoxODAwMDAwMDAwMDAwLCJkZWxldGUiOjE4MDAwMDAwMDAwMDAsInJlYWQiOjMwMDAwMDAwMDAwMCwidXBkYXRlIjoxODAwMDAwMDAwMDAwfX0=",
          "dependencies": [
            "azurerm_resource_group.health_fast_rg",
            "azurerm_virtual_network.health_fast_vnet"
          ]
        },
        {
          "index_key": "web",
          "schema_version": 0,
          "attributes": {
            "address_prefixes": [
              "10.0.1.0/24"
            ],
            "default_outbound_access_enabled": true,
            "delegation": [],
            "id": "/subscriptions/98f81224-226a-46f0-b9b7-34bded3c97d2/resourceGroups/rg-healthfast/providers/Microsoft.Network/virtualNetworks/vnet-healthfast/subnets/web",
            "ip_address_pool": [],
            "name": "web",
            "private_endpoint_network_policies": "Disabled",
            "private_link_service_network_policies_enabled": true,
            "resource_group_name": "rg-healthfast",
            "service_endpoint_policy_ids": null,
            "service_endpoints": null,
            "timeouts": null,
            "virtual_network_name": "vnet-healthfast"
          },
          "sensitive_attributes": [],
          "identity_schema_version": 0,
          "identity": {
            "name": "web",
            "resource_group_name": "rg-healthfast",
            "subscription_id": "98f81224-226a-46f0-b9b7-34bded3c97d2",
            "virtual_network_name": "vnet-healthfast"
          },
          "private": "eyJlMmJmYjczMC1lY2FhLTExZTYtOGY4OC0zNDM2M2JjN2M0YzAiOnsiY3JlYXRlIjoxODAwMDAwMDAwMDAwLCJkZWxldGUiOjE4MDAwMDAwMDAwMDAsInJlYWQiOjMwMDAwMDAwMDAwMCwidXBkYXRlIjoxODAwMDAwMDAwMDAwfX0=",
          "dependencies": [
            "azurerm_resource_group.health_fast_rg",
            "azurerm_virtual_network.health_fast_vnet"
          ]
        }
      ]
    },
    {
      "mode": "managed",
      "type": "azurerm_subnet_network_security_group_association",
      "name": "assoc",
      "provider": "provider[\"registry.terraform.io/hashicorp/azurerm\"]",
      "instances": [
        {
          "index_key": "app",
          "schema_version": 0,
          "attributes": {
            "id": "/subscriptions/98f81224-226a-46f0-b9b7-34bded3c97d2/resourceGroups/rg-healthfast/providers/Microsoft.Network/virtualNetworks/vnet-healthfast/subnets/app",
            "network_security_group_id": "/subscriptions/98f81224-226a-46f0-b9b7-34bded3c97d2/resourceGroups/rg-healthfast/providers/Microsoft.Network/networkSecurityGroups/app",
            "subnet_id": "/subscriptions/98f81224-226a-46f0-b9b7-34bded3c97d2/resourceGroups/rg-healthfast/providers/Microsoft.Network/virtualNetworks/vnet-healthfast/subnets/app",
            "timeouts": null
          },
          "sensitive_attributes": [],
          "identity_schema_version": 0,
          "private": "eyJlMmJmYjczMC1lY2FhLTExZTYtOGY4OC0zNDM2M2JjN2M0YzAiOnsiY3JlYXRlIjoxODAwMDAwMDAwMDAwLCJkZWxldGUiOjE4MDAwMDAwMDAwMDAsInJlYWQiOjMwMDAwMDAwMDAwMH19",
          "dependencies": [
            "azurerm_network_security_group.nsgs",
            "azurerm_resource_group.health_fast_rg",
            "azurerm_subnet.subnets",
            "azurerm_virtual_network.health_fast_vnet"
          ]
        },
        {
          "index_key": "db",
          "schema_version": 0,
          "attributes": {
            "id": "/subscriptions/98f81224-226a-46f0-b9b7-34bded3c97d2/resourceGroups/rg-healthfast/providers/Microsoft.Network/virtualNetworks/vnet-healthfast/subnets/db",
            "network_security_group_id": "/subscriptions/98f81224-226a-46f0-b9b7-34bded3c97d2/resourceGroups/rg-healthfast/providers/Microsoft.Network/networkSecurityGroups/db",
            "subnet_id": "/subscriptions/98f81224-226a-46f0-b9b7-34bded3c97d2/resourceGroups/rg-healthfast/providers/Microsoft.Network/virtualNetworks/vnet-healthfast/subnets/db",
            "timeouts": null
          },
          "sensitive_attributes": [],
          "identity_schema_version": 0,
          "private": "eyJlMmJmYjczMC1lY2FhLTExZTYtOGY4OC0zNDM2M2JjN2M0YzAiOnsiY3JlYXRlIjoxODAwMDAwMDAwMDAwLCJkZWxldGUiOjE4MDAwMDAwMDAwMDAsInJlYWQiOjMwMDAwMDAwMDAwMH19",
          "dependencies": [
            "azurerm_network_security_group.nsgs",
            "azurerm_resource_group.health_fast_rg",
            "azurerm_subnet.subnets",
            "azurerm_virtual_network.health_fast_vnet"
          ]
        },
        {
          "index_key": "web",
          "schema_version": 0,
          "attributes": {
            "id": "/subscriptions/98f81224-226a-46f0-b9b7-34bded3c97d2/resourceGroups/rg-healthfast/providers/Microsoft.Network/virtualNetworks/vnet-healthfast/subnets/web",
            "network_security_group_id": "/subscriptions/98f81224-226a-46f0-b9b7-34bded3c97d2/resourceGroups/rg-healthfast/providers/Microsoft.Network/networkSecurityGroups/web",
            "subnet_id": "/subscriptions/98f81224-226a-46f0-b9b7-34bded3c97d2/resourceGroups/rg-healthfast/providers/Microsoft.Network/virtualNetworks/vnet-healthfast/subnets/web",
            "timeouts": null
          },
          "sensitive_attributes": [],
          "identity_schema_version": 0,
          "private": "eyJlMmJmYjczMC1lY2FhLTExZTYtOGY4OC0zNDM2M2JjN2M0YzAiOnsiY3JlYXRlIjoxODAwMDAwMDAwMDAwLCJkZWxldGUiOjE4MDAwMDAwMDAwMDAsInJlYWQiOjMwMDAwMDAwMDAwMH19",
          "dependencies": [
            "azurerm_network_security_group.nsgs",
            "azurerm_resource_group.health_fast_rg",
            "azurerm_subnet.subnets",
            "azurerm_virtual_network.health_fast_vnet"
          ]
        }
      ]
    },
    {
      "mode": "managed",
      "type": "azurerm_virtual_network",
      "name": "health_fast_vnet",
      "provider": "provider[\"registry.terraform.io/hashicorp/azurerm\"]",
      "instances": [
        {
          "schema_version": 0,
          "attributes": {
            "address_space": [
              "10.0.0.0/16"
            ],
            "bgp_community": "",
            "ddos_protection_plan": [],
            "dns_servers": [],
            "edge_zone": "",
            "encryption": [],
            "flow_timeout_in_minutes": 0,
            "guid": "52878696-8334-4716-a970-cb0452155042",
            "id": "/subscriptions/98f81224-226a-46f0-b9b7-34bded3c97d2/resourceGroups/rg-healthfast/providers/Microsoft.Network/virtualNetworks/vnet-healthfast",
            "ip_address_pool": [],
            "location": "eastus",
            "name": "vnet-healthfast",
            "private_endpoint_vnet_policies": "Disabled",
            "resource_group_name": "rg-healthfast",
            "subnet": [],
            "tags": null,
            "timeouts": null
          },
          "sensitive_attributes": [],
          "identity_schema_version": 0,
          "identity": {
            "name": "vnet-healthfast",
            "resource_group_name": "rg-healthfast",
            "subscription_id": "98f81224-226a-46f0-b9b7-34bded3c97d2"
          },
          "private": "eyJlMmJmYjczMC1lY2FhLTExZTYtOGY4OC0zNDM2M2JjN2M0YzAiOnsiY3JlYXRlIjoxODAwMDAwMDAwMDAwLCJkZWxldGUiOjE4MDAwMDAwMDAwMDAsInJlYWQiOjMwMDAwMDAwMDAwMCwidXBkYXRlIjoxODAwMDAwMDAwMDAwfX0=",
          "dependencies": [
            "azurerm_resource_group.health_fast_rg"
          ]
        }
      ]
    }
  ],
  "check_results": null
}
